<?xml version="1.0" encoding="utf-8"?>
<Project ToolsVersion="4.0" xmlns="http://schemas.microsoft.com/developer/msbuild/2003">
  <ItemGroup>
    <Filter Include="Resource Files">
      <UniqueIdentifier>{67DA6AB6-F800-4c08-8B7A-83BB121AAD01}</UniqueIdentifier>
      <Extensions>rc;ico;cur;bmp;dlg;rc2;rct;bin;rgs;gif;jpg;jpeg;jpe;resx;tiff;tif;png;wav;mfcribbon-ms</Extensions>
    </Filter>
    <Filter Include="Core">
      <UniqueIdentifier>{0b1c8d83-7b72-40ea-ad1f-0c20906d450b}</UniqueIdentifier>
    </Filter>
  </ItemGroup>
  <ItemGroup>
    <ClInclude Include="Vector3.h">
      <Filter>Core</Filter>
    </ClInclude>
    <ClInclude Include="LPPConstants.h">
      <Filter>Core</Filter>
    </ClInclude>
    <ClInclude Include="PluginData.h">
      <Filter>Core</Filter>
    </ClInclude>
    <ClInclude Include="PluginSDK.h">
      <Filter>Core</Filter>
    </ClInclude>
    <ClInclude Include="ZNidalee.h" />
    <ClInclude Include="ZNidaleeExtensions.h" />
    <ClInclude Include="ZNidaleeMenu.h" />
    <ClInclude Include="ZNidaleeModes.h" />
  </ItemGroup>
  <ItemGroup>
    <ClCompile Include="PluginSDK.cpp">
      <Filter>Core</Filter>
    </ClCompile>
    <ClCompile Include="ZNidalee.cpp" />
    <ClCompile Include="ZNidaleeExtensions.cpp" />
    <ClCompile Include="ZNidaleeMenu.cpp" />
    <ClCompile Include="ZNidaleeModes.cpp" />
  </ItemGroup>
</Project>