<?xml version="1.0" encoding="utf-8"?>
<Project ToolsVersion="4.0" xmlns="http://schemas.microsoft.com/developer/msbuild/2003">
  <ItemGroup>
    <Filter Include="Resource Files">
      <UniqueIdentifier>{67DA6AB6-F800-4c08-8B7A-83BB121AAD01}</UniqueIdentifier>
      <Extensions>rc;ico;cur;bmp;dlg;rc2;rct;bin;rgs;gif;jpg;jpeg;jpe;resx;tiff;tif;png;wav;mfcribbon-ms</Extensions>
    </Filter>
    <Filter Include="Core">
      <UniqueIdentifier>{5f979995-cdf3-43a0-8756-f6e7e1e29a70}</UniqueIdentifier>
    </Filter>
  </ItemGroup>
  <ItemGroup>
    <ClInclude Include="LPPConstants.h">
      <Filter>Core</Filter>
    </ClInclude>
    <ClInclude Include="PluginData.h">
      <Filter>Core</Filter>
    </ClInclude>
    <ClInclude Include="PluginSDK.h">
      <Filter>Core</Filter>
    </ClInclude>
    <ClInclude Include="Vector3.h">
      <Filter>Core</Filter>
    </ClInclude>
    <ClInclude Include="ZCamille.h" />
    <ClInclude Include="ZCamilleAvoider.h" />
    <ClInclude Include="ZCamilleExtensions.h" />
    <ClInclude Include="ZCamilleMenu.h" />
    <ClInclude Include="ZCamilleModes.h" />
  </ItemGroup>
  <ItemGroup>
    <ClCompile Include="ZCamille.cpp" />
    <ClCompile Include="ZCamilleAvoider.cpp" />
    <ClCompile Include="ZCamilleExtensions.cpp" />
    <ClCompile Include="ZCamilleMenu.cpp" />
    <ClCompile Include="ZCamilleModes.cpp" />
    <ClCompile Include="PluginSDK.cpp">
      <Filter>Core</Filter>
    </ClCompile>
  </ItemGroup>
</Project>